
Microsoft Visual Studio Solution File, Format Version 12.00
# Visual Studio Version 16
VisualStudioVersion = 16.0.28902.138
MinimumVisualStudioVersion = 10.0.40219.1
Project("{FAE04EC0-301F-11D3-BF4B-00C04F79EFBC}") = "ClickTheBall", "ClickTheBall\ClickTheBall.csproj", "{7CBC68A1-F7A3-4D97-B1BA-AC4FEED1F495}"
EndProject
Global
	GlobalSection(SolutionConfigurationPlatforms) = preSolution
		Debug|Any CPU = Debug|Any CPU
		Release|Any CPU = Release|Any CPU
	EndGlobalSection
	GlobalSection(ProjectConfigurationPlatforms) = postSolution
		{7CBC68A1-F7A3-4D97-B1BA-AC4FEED1F495}.Debug|Any CPU.ActiveCfg = Debug|Any CPU
		{7CBC68A1-F7A3-4D97-B1BA-AC4FEED1F495}.Debug|Any CPU.Build.0 = Debug|Any CPU
		{7CBC68A1-F7A3-4D97-B1BA-AC4FEED1F495}.Release|Any CPU.ActiveCfg = Release|Any CPU
		{7CBC68A1-F7A3-4D97-B1BA-AC4FEED1F495}.Release|Any CPU.Build.0 = Release|Any CPU
	EndGlobalSection
	GlobalSection(SolutionProperties) = preSolution
		HideSolutionNode = FALSE
	EndGlobalSection
	GlobalSection(ExtensibilityGlobals) = postSolution
		SolutionGuid = {65C25D03-905E-46B9-9D31-59D610EE8930}
	EndGlobalSection
EndGlobal
